# This file is automatically @generated by Cargo.
# It is not intended for manual editing.
version = 3

[[package]]
name = "gas"
version = "0.1.0"
dependencies = [
 "sys-info",
]

[[package]]
name = "gcc"
version = "0.3.55"
source = "registry+https://github.com/rust-lang/crates.io-index"
checksum = "8f5f3913fa0bfe7ee1fd8248b6b9f42a5af4b9d65ec2dd2c3c26132b950ecfc2"

[[package]]
name = "sys-info"
version = "0.3.4"
source = "registry+https://github.com/rust-lang/crates.io-index"
checksum = "731e0453d814a149ecd8438c64d4b6f207a92f23943bd823b428d598e087b0ca"
dependencies = [
 "gcc",
]
